
Microsoft Visual Studio Solution File, Format Version 12.00
# Visual Studio Version 17
VisualStudioVersion = 17.1.32228.430
MinimumVisualStudioVersion = 10.0.40219.1
Project("{9A19103F-16F7-4668-BE54-9A1E7A4F7556}") = "1-Fundamental", "1-Fundamental.csproj", "{5FCC028B-18DF-4FBE-981D-1AC27D9A15C3}"
EndProject
Project("{FAE04EC0-301F-11D3-BF4B-00C04F79EFBC}") = "Day02", "..\Day02\Day02.csproj", "{89530047-E39F-43BF-920C-61AF387B97DB}"
EndProject
Global
	GlobalSection(SolutionConfigurationPlatforms) = preSolution
		Debug|Any CPU = Debug|Any CPU
		Release|Any CPU = Release|Any CPU
	EndGlobalSection
	GlobalSection(ProjectConfigurationPlatforms) = postSolution
		{5FCC028B-18DF-4FBE-981D-1AC27D9A15C3}.Debug|Any CPU.ActiveCfg = Debug|Any CPU
		{5FCC028B-18DF-4FBE-981D-1AC27D9A15C3}.Debug|Any CPU.Build.0 = Debug|Any CPU
		{5FCC028B-18DF-4FBE-981D-1AC27D9A15C3}.Release|Any CPU.ActiveCfg = Release|Any CPU
		{5FCC028B-18DF-4FBE-981D-1AC27D9A15C3}.Release|Any CPU.Build.0 = Release|Any CPU
		{89530047-E39F-43BF-920C-61AF387B97DB}.Debug|Any CPU.ActiveCfg = Debug|Any CPU
		{89530047-E39F-43BF-920C-61AF387B97DB}.Debug|Any CPU.Build.0 = Debug|Any CPU
		{89530047-E39F-43BF-920C-61AF387B97DB}.Release|Any CPU.ActiveCfg = Release|Any CPU
		{89530047-E39F-43BF-920C-61AF387B97DB}.Release|Any CPU.Build.0 = Release|Any CPU
	EndGlobalSection
	GlobalSection(SolutionProperties) = preSolution
		HideSolutionNode = FALSE
	EndGlobalSection
	GlobalSection(ExtensibilityGlobals) = postSolution
		SolutionGuid = {C14C0646-E6B3-4C81-89E8-19AF440E105D}
	EndGlobalSection
EndGlobal
